NeoBundleLock FastFold a798e39978e486b886332c977e96944f9c564887
NeoBundleLock base16-vim e711e9b1412b55fec7e8a5cff4ac5c06f9078729
NeoBundleLock benchvimrc-vim 00c5e2299d3c7fcba2ae4218ad7a8ebdf45e7737
NeoBundleLock indentLine 2a2617310b0fb4c0daf02be2ba465fada257f2d0
NeoBundleLock jedi-vim 625c568b1249db8c5f1b06a1f9371c06ba2d08b5
NeoBundleLock lightline.vim 1d6870f31f279dda0a108a58ba61c03453f86e67
NeoBundleLock neobundle.vim 6e696b19d8ff36bf754f901a6b7e42671e06b7a8
NeoBundleLock neocomplete 4dc8531e999f00e955f81248d6131132e6fe6917
NeoBundleLock neomru.vim e86ebb07c3498e81b13a195330831eb845555633
NeoBundleLock neosnippet bcb7620a852a542d0940a2ff691deb9da9309f07
NeoBundleLock neosnippet-snippets 51c24c21d099a3a2c723632d192865ac76eacdde
NeoBundleLock previm 228bc8a843bb6f0b3123d757a26153f8a10cb002
NeoBundleLock python-syntax 69760cb3accce488cc072772ca918ac2cbf384ba
NeoBundleLock syntastic e4f4acd9ae842b451965fa5779e64f8a60860838
NeoBundleLock unite.vim c9d2ced6b993653a7ebbc572039f8d03ba2b997f
NeoBundleLock vim-fugitive 19d1c944dbf59f252135688018610a12ce5718b4
NeoBundleLock vim-gitgutter 28353bd0609ae7b8c7e01c70dce31700d8c6e654
NeoBundleLock vim-kalisi c08238d768198010da726f6bca8f8d9faaf5385d
NeoBundleLock vim-markdown 7c0578d6e84384c280a714b99d7ec08c3d45cda9
NeoBundleLock vim-pyenv bffd287925da458c9fcccb56bc4fc56e294ec96c
NeoBundleLock vimfiler 95d40001555f1a8b753ec34a864fb4e1f6ebafd8
NeoBundleLock vimproc 3ab0a236e65b277670266c1187da9a49064c1500
