NeoBundleLock base16-vim e711e9b1412b55fec7e8a5cff4ac5c06f9078729
NeoBundleLock indentLine 6011a6132c40d7f8fecadd7b44677f539289ea4c
NeoBundleLock jedi-vim 9af06424fbf4adf6f48adafb25569c943d8e2e43
NeoBundleLock lightline.vim 47a9f8776f84385273db1c7b0e73e3881c0a5073
NeoBundleLock neobundle.vim ef32bf7170272b6cd61293b3f175825fba8232e2
NeoBundleLock neocomplete f7d8ac6fd80b699cc36c4f0965469579d968e0ea
NeoBundleLock neomru.vim 8aa00e181bb764956a40764ae325a485a93f513a
NeoBundleLock neosnippet 5867906757fa1baeac8b05f4ff4675cdfbbbf2eb
NeoBundleLock neosnippet-snippets 0dd4b86088c9162492411d4ec40a64fe369c4396
NeoBundleLock open-browser.vim e17535850b8096b79907df9059fb43c51448f038
NeoBundleLock previm b130f24277e3c6a5afa3984921516b0a83b31d28
NeoBundleLock python-syntax 10d2c07687b611b7c647ad09b8b86ed968819dbd
NeoBundleLock syntastic 630169bfc21bf5a114616238810e4b31b19eb983
NeoBundleLock unite.vim 76f8177c1ef87f3fdd57af044f109dc03a4047b4
NeoBundleLock vim-fugitive dba8a0705d95cda76d599bb7d09964d67741a5c5
NeoBundleLock vim-gitgutter b18e23cdfa082dee7da8a2466db5a66907491e5b
NeoBundleLock vim-markdown 67b59d559bafc505b0a75425a50149b6025566fc
NeoBundleLock vim-pyenv 96a3f5c79f582d39a2d23b8b9273b3265f36b3fb
NeoBundleLock vimfiler d3ce50204d5255615f965f9ec804667f10c270a1
NeoBundleLock vimproc c40f7e77e6ff0586ff6951e7cf479b3dc81bb69d
